# THIS IS AN AUTOGENERATED FILE. DO NOT EDIT THIS FILE DIRECTLY.
# yarn lockfile v1
abbrev@1:
  version "1.0.9"
  resolved "https://registry.yarnpkg.com/abbrev/-/abbrev-1.0.9.tgz#91b4792588a7738c25f35dd6f63752a2f8776135"

accept@2.x.x:
  version "2.1.3"
  resolved "https://registry.yarnpkg.com/accept/-/accept-2.1.3.tgz#ab0f5bda4c449bbe926aea607b3522562f5acf86"
  dependencies:
    boom "4.x.x"
    hoek "4.x.x"

align-text@^0.1.1, align-text@^0.1.3:
  version "0.1.4"
  resolved "https://registry.yarnpkg.com/align-text/-/align-text-0.1.4.tgz#0cd90a561093f35d0a99256c22b7069433fad117"
  dependencies:
    kind-of "^3.0.2"
    longest "^1.0.1"
    repeat-string "^1.5.2"

amdefine@>=0.0.4:
  version "1.0.0"
  resolved "https://registry.yarnpkg.com/amdefine/-/amdefine-1.0.0.tgz#fd17474700cb5cc9c2b709f0be9d23ce3c198c33"

ammo@2.x.x:
  version "2.0.2"
  resolved "https://registry.yarnpkg.com/ammo/-/ammo-2.0.2.tgz#366c55f7bc4f2f24218ed3a4dd4b8df135c2e6ca"
  dependencies:
    boom "3.x.x"
    hoek "4.x.x"

ansi-regex@^2.0.0:
  version "2.0.0"
  resolved "https://registry.yarnpkg.com/ansi-regex/-/ansi-regex-2.0.0.tgz#c5061b6e0ef8a81775e50f5d66151bf6bf371107"

ansi-styles@^2.2.1:
  version "2.2.1"
  resolved "https://registry.yarnpkg.com/ansi-styles/-/ansi-styles-2.2.1.tgz#b432dd3358b634cf75e1e4664368240533c1ddbe"

argparse@^1.0.7:
  version "1.0.9"
  resolved "https://registry.yarnpkg.com/argparse/-/argparse-1.0.9.tgz#73d83bc263f86e97f8cc4f6bae1b0e90a7d22c86"
  dependencies:
    sprintf-js "~1.0.2"

async@^1.4.0, async@^1.4.2:
  version "1.5.2"
  resolved "https://registry.yarnpkg.com/async/-/async-1.5.2.tgz#ec6a61ae56480c0c3cb241c95618e20892f9672a"

async@~0.2.6:
  version "0.2.10"
  resolved "https://registry.yarnpkg.com/async/-/async-0.2.10.tgz#b6bbe0b0674b9d719708ca38de8c237cb526c3d1"

b64@3.x.x:
  version "3.0.2"
  resolved "https://registry.yarnpkg.com/b64/-/b64-3.0.2.tgz#7a9d60466adf7b8de114cbdf651a5fdfcc90894d"

balanced-match@^0.4.1:
  version "0.4.2"
  resolved "https://registry.yarnpkg.com/balanced-match/-/balanced-match-0.4.2.tgz#cb3f3e3c732dc0f01ee70b403f302e61d7709838"

boom@3.x.x:
  version "3.2.2"
  resolved "https://registry.yarnpkg.com/boom/-/boom-3.2.2.tgz#0f0cc5d04adc5003b8c7d71f42cca7271fef0e78"
  dependencies:
    hoek "4.x.x"

boom@4.x.x:
  version "4.2.0"
  resolved "https://registry.yarnpkg.com/boom/-/boom-4.2.0.tgz#c1a74174b11fbba223f6162d4fd8851a1b82a536"
  dependencies:
    hoek "4.x.x"

brace-expansion@^1.0.0:
  version "1.1.6"
  resolved "https://registry.yarnpkg.com/brace-expansion/-/brace-expansion-1.1.6.tgz#7197d7eaa9b87e648390ea61fc66c84427420df9"
  dependencies:
    balanced-match "^0.4.1"
    concat-map "0.0.1"

builder@^3.0.0:
  version "3.1.0"
  resolved "https://registry.yarnpkg.com/builder/-/builder-3.1.0.tgz#48fd4ea0ae7498e9ea0e9058f8df9a83340ef6ca"
  dependencies:
    async "^1.4.2"
    chalk "^1.1.1"
    js-yaml "^3.4.3"
    lodash "^3.10.1"
    nopt "^3.0.6"
    tree-kill "^1.0.0"

call@3.x.x:
  version "3.0.3"
  resolved "https://registry.yarnpkg.com/call/-/call-3.0.3.tgz#e4748ddbbb7f41ae40cee055f8b270b733bf7c8d"
  dependencies:
    boom "3.x.x"
    hoek "4.x.x"

camelcase@^1.0.2:
  version "1.2.1"
  resolved "https://registry.yarnpkg.com/camelcase/-/camelcase-1.2.1.tgz#9bb5304d2e0b56698b2c758b08a3eaa9daa58a39"

catbox-memory@2.x.x:
  version "2.0.3"
  resolved "https://registry.yarnpkg.com/catbox-memory/-/catbox-memory-2.0.3.tgz#dfaa9c163fad343d9add6d7c1fdc7b429b369c38"
  dependencies:
    hoek "4.x.x"

catbox@7.x.x:
  version "7.1.2"
  resolved "https://registry.yarnpkg.com/catbox/-/catbox-7.1.2.tgz#46721b1c99967513fd7b7e9451706a05edfed5ad"
  dependencies:
    boom "3.x.x"
    hoek "4.x.x"
    joi "9.x.x"

center-align@^0.1.1:
  version "0.1.3"
  resolved "https://registry.yarnpkg.com/center-align/-/center-align-0.1.3.tgz#aa0d32629b6ee972200411cbd4461c907bc2b7ad"
  dependencies:
    align-text "^0.1.3"
    lazy-cache "^1.0.3"

chalk@^1.1.1:
  version "1.1.3"
  resolved "https://registry.yarnpkg.com/chalk/-/chalk-1.1.3.tgz#a8115c55e4a702fe4d150abd3872822a7e09fc98"
  dependencies:
    ansi-styles "^2.2.1"
    escape-string-regexp "^1.0.2"
    has-ansi "^2.0.0"
    strip-ansi "^3.0.0"
    supports-color "^2.0.0"

cliui@^2.1.0:
  version "2.1.0"
  resolved "https://registry.yarnpkg.com/cliui/-/cliui-2.1.0.tgz#4b475760ff80264c762c3a1719032e91c7fea0d1"
  dependencies:
    center-align "^0.1.1"
    right-align "^0.1.1"
    wordwrap "0.0.2"

concat-map@0.0.1:
  version "0.0.1"
  resolved "https://registry.yarnpkg.com/concat-map/-/concat-map-0.0.1.tgz#d8a96bd77fd68df7793a73036a3ba0d5405d477b"

content@3.x.x:
  version "3.0.2"
  resolved "https://registry.yarnpkg.com/content/-/content-3.0.2.tgz#f1d8b4c3abb21ea4c0e2173f43ac0229a4ed6d1c"
  dependencies:
    boom "3.x.x"

cryptiles@3.x.x:
  version "3.1.1"
  resolved "https://registry.yarnpkg.com/cryptiles/-/cryptiles-3.1.1.tgz#86a9203f7367a0e9324bc7555ff0fcf5f81979ee"
  dependencies:
    boom "4.x.x"

decamelize@^1.0.0:
  version "1.2.0"
  resolved "https://registry.yarnpkg.com/decamelize/-/decamelize-1.2.0.tgz#f6534d15148269b20352e7bee26f501f9a191290"

escape-string-regexp@^1.0.2:
  version "1.0.5"
  resolved "https://registry.yarnpkg.com/escape-string-regexp/-/escape-string-regexp-1.0.5.tgz#1b61c0562190a8dff6ae3bb2cf0200ca130b86d4"

esprima@^2.6.0:
  version "2.7.3"
  resolved "https://registry.yarnpkg.com/esprima/-/esprima-2.7.3.tgz#96e3b70d5779f6ad49cd032673d1c312767ba581"

fs.realpath@^1.0.0:
  version "1.0.0"
  resolved "https://registry.yarnpkg.com/fs.realpath/-/fs.realpath-1.0.0.tgz#1504ad2523158caa40db4a2787cb01411994ea4f"

glob@^7.1.1:
  version "7.1.1"
  resolved "https://registry.yarnpkg.com/glob/-/glob-7.1.1.tgz#805211df04faaf1c63a3600306cdf5ade50b2ec8"
  dependencies:
    fs.realpath "^1.0.0"
    inflight "^1.0.4"
    inherits "2"
    minimatch "^3.0.2"
    once "^1.3.0"
    path-is-absolute "^1.0.0"

handlebars@^4.0.5:
  version "4.0.5"
  resolved "https://registry.yarnpkg.com/handlebars/-/handlebars-4.0.5.tgz#92c6ed6bb164110c50d4d8d0fbddc70806c6f8e7"
  dependencies:
    async "^1.4.0"
    optimist "^0.6.1"
    source-map "^0.4.4"
  optionalDependencies:
    uglify-js "^2.6"

hapi@^15.1.1:
  version "15.1.1"
  resolved "https://registry.yarnpkg.com/hapi/-/hapi-15.1.1.tgz#617aeb2354b4b4b1f8f05cd7b7ab4a5208adc09e"
  dependencies:
    accept "2.x.x"
    ammo "2.x.x"
    boom "4.x.x"
    call "3.x.x"
    catbox "7.x.x"
    catbox-memory "2.x.x"
    cryptiles "3.x.x"
    heavy "4.x.x"
    hoek "4.x.x"
    iron "4.x.x"
    items "2.x.x"
    joi "9.x.x"
    mimos "3.x.x"
    podium "^1.2.x"
    shot "3.x.x"
    statehood "5.x.x"
    subtext "^4.2.x"
    topo "2.x.x"

has-ansi@^2.0.0:
  version "2.0.0"
  resolved "https://registry.yarnpkg.com/has-ansi/-/has-ansi-2.0.0.tgz#34f5049ce1ecdf2b0649af3ef24e45ed35416d91"
  dependencies:
    ansi-regex "^2.0.0"

heavy@4.x.x:
  version "4.0.2"
  resolved "https://registry.yarnpkg.com/heavy/-/heavy-4.0.2.tgz#dbb66cda5f017a594fc6c8301df6999ea8d533f0"
  dependencies:
    boom "3.x.x"
    hoek "4.x.x"
    joi "9.x.x"

hoek@3.x.x:
  version "3.0.4"
  resolved "https://registry.yarnpkg.com/hoek/-/hoek-3.0.4.tgz#268adff66bb6695c69b4789a88b1e0847c3f3123"

hoek@4.x.x:
  version "4.1.0"
  resolved "https://registry.yarnpkg.com/hoek/-/hoek-4.1.0.tgz#4a4557460f69842ed463aa00628cc26d2683afa7"

inert@^4.0.2:
  version "4.0.2"
  resolved "https://registry.yarnpkg.com/inert/-/inert-4.0.2.tgz#f26094988e653f81c84a690664781546f8d75928"
  dependencies:
    ammo "2.x.x"
    boom "3.x.x"
    hoek "4.x.x"
    items "2.x.x"
    joi "9.x.x"
    lru-cache "4.0.x"

inflight@^1.0.4:
  version "1.0.6"
  resolved "https://registry.yarnpkg.com/inflight/-/inflight-1.0.6.tgz#49bd6331d7d02d0c09bc910a1075ba8165b56df9"
  dependencies:
    once "^1.3.0"
    wrappy "1"

inherits@2:
  version "2.0.3"
  resolved "https://registry.yarnpkg.com/inherits/-/inherits-2.0.3.tgz#633c2c83e3da42a502f52466022480f4208261de"

iron@4.x.x:
  version "4.0.4"
  resolved "https://registry.yarnpkg.com/iron/-/iron-4.0.4.tgz#c1f8cc4c91454194ab8920d9247ba882e528061a"
  dependencies:
    boom "4.x.x"
    cryptiles "3.x.x"
    hoek "4.x.x"

is-buffer@^1.0.2:
  version "1.1.4"
  resolved "https://registry.yarnpkg.com/is-buffer/-/is-buffer-1.1.4.tgz#cfc86ccd5dc5a52fa80489111c6920c457e2d98b"

isemail@2.x.x:
  version "2.2.1"
  resolved "https://registry.yarnpkg.com/isemail/-/isemail-2.2.1.tgz#0353d3d9a62951080c262c2aa0a42b8ea8e9e2a6"

items@2.x.x:
  version "2.1.1"
  resolved "https://registry.yarnpkg.com/items/-/items-2.1.1.tgz#8bd16d9c83b19529de5aea321acaada78364a198"

joi@8.x.x:
  version "8.4.2"
  resolved "https://registry.yarnpkg.com/joi/-/joi-8.4.2.tgz#bd7774658fe99058d8994ed1d4b9962484ebb859"
  dependencies:
    hoek "4.x.x"
    isemail "2.x.x"
    moment "2.x.x"
    topo "2.x.x"

joi@9.x.x:
  version "9.1.1"
  resolved "https://registry.yarnpkg.com/joi/-/joi-9.1.1.tgz#357a04c3ad424abcb9790829be8c01a131d93500"
  dependencies:
    hoek "4.x.x"
    isemail "2.x.x"
    items "2.x.x"
    moment "2.x.x"
    topo "2.x.x"

js-yaml@^3.4.3:
  version "3.6.1"
  resolved "https://registry.yarnpkg.com/js-yaml/-/js-yaml-3.6.1.tgz#6e5fe67d8b205ce4d22fad05b7781e8dadcc4b30"
  dependencies:
    argparse "^1.0.7"
    esprima "^2.6.0"

kind-of@^3.0.2:
  version "3.0.4"
  resolved "https://registry.yarnpkg.com/kind-of/-/kind-of-3.0.4.tgz#7b8ecf18a4e17f8269d73b501c9f232c96887a74"
  dependencies:
    is-buffer "^1.0.2"

lazy-cache@^1.0.3:
  version "1.0.4"
  resolved "https://registry.yarnpkg.com/lazy-cache/-/lazy-cache-1.0.4.tgz#a1d78fc3a50474cb80845d3b3b6e1da49a446e8e"

lodash@^3.10.1:
  version "3.10.1"
  resolved "https://registry.yarnpkg.com/lodash/-/lodash-3.10.1.tgz#5bf45e8e49ba4189e17d482789dfd15bd140b7b6"

longest@^1.0.1:
  version "1.0.1"
  resolved "https://registry.yarnpkg.com/longest/-/longest-1.0.1.tgz#30a0b2da38f73770e8294a0d22e6625ed77d0097"

lru-cache@4.0.x:
  version "4.0.1"
  resolved "https://registry.yarnpkg.com/lru-cache/-/lru-cache-4.0.1.tgz#1343955edaf2e37d9b9e7ee7241e27c4b9fb72be"
  dependencies:
    pseudomap "^1.0.1"
    yallist "^2.0.0"

mime-db@1.x.x:
  version "1.24.0"
  resolved "https://registry.yarnpkg.com/mime-db/-/mime-db-1.24.0.tgz#e2d13f939f0016c6e4e9ad25a8652f126c467f0c"

mimos@3.x.x:
  version "3.0.3"
  resolved "https://registry.yarnpkg.com/mimos/-/mimos-3.0.3.tgz#b9109072ad378c2b72f6a0101c43ddfb2b36641f"
  dependencies:
    hoek "4.x.x"
    mime-db "1.x.x"

minimatch@^3.0.2:
  version "3.0.3"
  resolved "https://registry.yarnpkg.com/minimatch/-/minimatch-3.0.3.tgz#2a4e4090b96b2db06a9d7df01055a62a77c9b774"
  dependencies:
    brace-expansion "^1.0.0"

minimist@^1.2.0:
  version "1.2.0"
  resolved "https://registry.yarnpkg.com/minimist/-/minimist-1.2.0.tgz#a35008b20f41383eec1fb914f4cd5df79a264284"

minimist@~0.0.1:
  version "0.0.10"
  resolved "https://registry.yarnpkg.com/minimist/-/minimist-0.0.10.tgz#de3f98543dbf96082be48ad1a0c7cda836301dcf"

moment@2.x.x:
  version "2.15.1"
  resolved "https://registry.yarnpkg.com/moment/-/moment-2.15.1.tgz#e979c2a29e22888e60f396f2220a6118f85cd94c"

nigel@2.x.x:
  version "2.0.2"
  resolved "https://registry.yarnpkg.com/nigel/-/nigel-2.0.2.tgz#93a1866fb0c52d87390aa75e2b161f4b5c75e5b1"
  dependencies:
    hoek "4.x.x"
    vise "2.x.x"

nopt@^3.0.6:
  version "3.0.6"
  resolved "https://registry.yarnpkg.com/nopt/-/nopt-3.0.6.tgz#c6465dbf08abcd4db359317f79ac68a646b28ff9"
  dependencies:
    abbrev "1"

once@^1.3.0:
  version "1.4.0"
  resolved "https://registry.yarnpkg.com/once/-/once-1.4.0.tgz#583b1aa775961d4b113ac17d9c50baef9dd76bd1"
  dependencies:
    wrappy "1"

optimist@^0.6.1:
  version "0.6.1"
  resolved "https://registry.yarnpkg.com/optimist/-/optimist-0.6.1.tgz#da3ea74686fa21a19a111c326e90eb15a0196686"
  dependencies:
    minimist "~0.0.1"
    wordwrap "~0.0.2"

path-is-absolute@^1.0.0:
  version "1.0.1"
  resolved "https://registry.yarnpkg.com/path-is-absolute/-/path-is-absolute-1.0.1.tgz#174b9268735534ffbc7ace6bf53a5a9e1b5c5f5f"

pez@2.x.x:
  version "2.1.3"
  resolved "https://registry.yarnpkg.com/pez/-/pez-2.1.3.tgz#e53ebcbf48961b4aa1bb2b68cfd1eb20c9898039"
  dependencies:
    b64 "3.x.x"
    boom "4.x.x"
    content "3.x.x"
    hoek "4.x.x"
    nigel "2.x.x"

podium@^1.2.x:
  version "1.2.3"
  resolved "https://registry.yarnpkg.com/podium/-/podium-1.2.3.tgz#5c95b7cc2f5c87dd324e0ad4a9363ac62d66b371"
  dependencies:
    hoek "4.x.x"
    items "2.x.x"
    joi "9.x.x"

pseudomap@^1.0.1:
  version "1.0.2"
  resolved "https://registry.yarnpkg.com/pseudomap/-/pseudomap-1.0.2.tgz#f052a28da70e618917ef0a8ac34c1ae5a68286b3"

repeat-string@^1.5.2:
  version "1.5.4"
  resolved "https://registry.yarnpkg.com/repeat-string/-/repeat-string-1.5.4.tgz#64ec0c91e0f4b475f90d5b643651e3e6e5b6c2d5"

right-align@^0.1.1:
  version "0.1.3"
  resolved "https://registry.yarnpkg.com/right-align/-/right-align-0.1.3.tgz#61339b722fe6a3515689210d24e14c96148613ef"
  dependencies:
    align-text "^0.1.1"

shot@3.x.x:
  version "3.3.2"
  resolved "https://registry.yarnpkg.com/shot/-/shot-3.3.2.tgz#691c2611759decc20487b20d25cc299f39e5f9b7"
  dependencies:
    hoek "4.x.x"
    joi "9.x.x"

source-map@^0.4.4:
  version "0.4.4"
  resolved "https://registry.yarnpkg.com/source-map/-/source-map-0.4.4.tgz#eba4f5da9c0dc999de68032d8b4f76173652036b"
  dependencies:
    amdefine ">=0.0.4"

source-map@~0.5.1:
  version "0.5.6"
  resolved "https://registry.yarnpkg.com/source-map/-/source-map-0.5.6.tgz#75ce38f52bf0733c5a7f0c118d81334a2bb5f412"

sprintf-js@~1.0.2:
  version "1.0.3"
  resolved "https://registry.yarnpkg.com/sprintf-js/-/sprintf-js-1.0.3.tgz#04e6926f662895354f3dd015203633b857297e2c"

statehood@5.x.x:
  version "5.0.0"
  resolved "https://registry.yarnpkg.com/statehood/-/statehood-5.0.0.tgz#ce2285aabeae398ae87cbba746184b7599b8fa31"
  dependencies:
    boom "3.x.x"
    cryptiles "3.x.x"
    hoek "4.x.x"
    iron "4.x.x"
    items "2.x.x"
    joi "9.x.x"

strip-ansi@^3.0.0:
  version "3.0.1"
  resolved "https://registry.yarnpkg.com/strip-ansi/-/strip-ansi-3.0.1.tgz#6a385fb8853d952d5ff05d0e8aaf94278dc63dcf"
  dependencies:
    ansi-regex "^2.0.0"

subtext@^4.2.x:
  version "4.2.2"
  resolved "https://registry.yarnpkg.com/subtext/-/subtext-4.2.2.tgz#6251d5c7b3da72d070293c4d798932d881c600eb"
  dependencies:
    boom "4.x.x"
    content "3.x.x"
    hoek "4.x.x"
    pez "2.x.x"
    wreck "10.x.x"

supports-color@^2.0.0:
  version "2.0.0"
  resolved "https://registry.yarnpkg.com/supports-color/-/supports-color-2.0.0.tgz#535d045ce6b6363fa40117084629995e9df324c7"

topo@2.x.x:
  version "2.0.2"
  resolved "https://registry.yarnpkg.com/topo/-/topo-2.0.2.tgz#cd5615752539057c0dc0491a621c3bc6fbe1d182"
  dependencies:
    hoek "4.x.x"

tree-kill@^1.0.0:
  version "1.1.0"
  resolved "https://registry.yarnpkg.com/tree-kill/-/tree-kill-1.1.0.tgz#c963dcf03722892ec59cba569e940b71954d1729"

uglify-js@^2.6:
  version "2.7.3"
  resolved "https://registry.yarnpkg.com/uglify-js/-/uglify-js-2.7.3.tgz#39b3a7329b89f5ec507e344c6e22568698ef4868"
  dependencies:
    async "~0.2.6"
    source-map "~0.5.1"
    uglify-to-browserify "~1.0.0"
    yargs "~3.10.0"

uglify-to-browserify@~1.0.0:
  version "1.0.2"
  resolved "https://registry.yarnpkg.com/uglify-to-browserify/-/uglify-to-browserify-1.0.2.tgz#6e0924d6bda6b5afe349e39a6d632850a0f882b7"

vise@2.x.x:
  version "2.0.2"
  resolved "https://registry.yarnpkg.com/vise/-/vise-2.0.2.tgz#6b08e8fb4cb76e3a50cd6dd0ec37338e811a0d39"
  dependencies:
    hoek "4.x.x"

vision@^4.1.0:
  version "4.1.0"
  resolved "https://registry.yarnpkg.com/vision/-/vision-4.1.0.tgz#c0c49c9287423cfcf7dbedf51ae6a67b065c6ae7"
  dependencies:
    boom "3.x.x"
    hoek "3.x.x"
    items "2.x.x"
    joi "8.x.x"

window-size@0.1.0:
  version "0.1.0"
  resolved "https://registry.yarnpkg.com/window-size/-/window-size-0.1.0.tgz#5438cd2ea93b202efa3a19fe8887aee7c94f9c9d"

wordwrap@~0.0.2:
  version "0.0.3"
  resolved "https://registry.yarnpkg.com/wordwrap/-/wordwrap-0.0.3.tgz#a3d5da6cd5c0bc0008d37234bbaf1bed63059107"

wordwrap@0.0.2:
  version "0.0.2"
  resolved "https://registry.yarnpkg.com/wordwrap/-/wordwrap-0.0.2.tgz#b79669bb42ecb409f83d583cad52ca17eaa1643f"

wrappy@1:
  version "1.0.2"
  resolved "https://registry.yarnpkg.com/wrappy/-/wrappy-1.0.2.tgz#b5243d8f3ec1aa35f1364605bc0d1036e30ab69f"

wreck@10.x.x:
  version "10.0.0"
  resolved "https://registry.yarnpkg.com/wreck/-/wreck-10.0.0.tgz#98ab882f85e16a526332507f101f5a7841162278"
  dependencies:
    boom "4.x.x"
    hoek "4.x.x"

yallist@^2.0.0:
  version "2.0.0"
  resolved "https://registry.yarnpkg.com/yallist/-/yallist-2.0.0.tgz#306c543835f09ee1a4cb23b7bce9ab341c91cdd4"

yargs@~3.10.0:
  version "3.10.0"
  resolved "https://registry.yarnpkg.com/yargs/-/yargs-3.10.0.tgz#f7ee7bd857dd7c1d2d38c0e74efbd681d1431fd1"
  dependencies:
    camelcase "^1.0.2"
    cliui "^2.1.0"
    decamelize "^1.0.0"
    window-size "0.1.0"

